<?xml version="1.0" encoding="utf-8"?>
<Project ToolsVersion="4.0" xmlns="http://schemas.microsoft.com/developer/msbuild/2003">
  <ItemGroup>
    <Filter Include="Source Files">
      <UniqueIdentifier>{4FC737F1-C7A5-4376-A066-2A32D752A2FF}</UniqueIdentifier>
      <Extensions>cpp;c;cc;cxx;c++;def;odl;idl;hpj;bat;asm;asmx</Extensions>
    </Filter>
    <Filter Include="Header Files">
      <UniqueIdentifier>{93995380-89BD-4b04-88EB-625FBE52EBFB}</UniqueIdentifier>
      <Extensions>h;hh;hpp;hxx;h++;hm;inl;inc;ipp;xsd</Extensions>
    </Filter>
    <Filter Include="Resource Files">
      <UniqueIdentifier>{67DA6AB6-F800-4c08-8B7A-83BB121AAD01}</UniqueIdentifier>
      <Extensions>rc;ico;cur;bmp;dlg;rc2;rct;bin;rgs;gif;jpg;jpeg;jpe;resx;tiff;tif;png;wav;mfcribbon-ms</Extensions>
    </Filter>
    <Filter Include="Header Files\sdk">
      <UniqueIdentifier>{99d6dc10-ba05-4949-84fb-2b274bb90ee8}</UniqueIdentifier>
    </Filter>
    <Filter Include="Header Files\imgui">
      <UniqueIdentifier>{cc8ba9e4-8d47-413e-8f49-530c07a99955}</UniqueIdentifier>
    </Filter>
    <Filter Include="Header Files\Protobuffs">
      <UniqueIdentifier>{2d181d74-7735-45bf-841d-c3a395221030}</UniqueIdentifier>
    </Filter>
  </ItemGroup>
  <ItemGroup>
    <ClInclude Include="csgosdk.h">
      <Filter>Header Files</Filter>
    </ClInclude>
    <ClInclude Include="icliententitylist.h">
      <Filter>Header Files\sdk</Filter>
    </ClInclude>
    <ClInclude Include="interface.h">
      <Filter>Header Files\sdk</Filter>
    </ClInclude>
    <ClInclude Include="CGameUI.h">
      <Filter>Header Files\sdk</Filter>
    </ClInclude>
    <ClInclude Include="IPanel.h">
      <Filter>Header Files\sdk</Filter>
    </ClInclude>
    <ClInclude Include="VGUI.h">
      <Filter>Header Files\sdk</Filter>
    </ClInclude>
    <ClInclude Include="utlvector.h">
      <Filter>Header Files\sdk</Filter>
    </ClInclude>
    <ClInclude Include="GameEventManager.h">
      <Filter>Header Files\sdk</Filter>
    </ClInclude>
    <ClInclude Include="keyvalues.h">
      <Filter>Header Files\sdk</Filter>
    </ClInclude>
    <ClInclude Include="igameevents.h">
      <Filter>Header Files\sdk</Filter>
    </ClInclude>
    <ClInclude Include="utlsymbol.h">
      <Filter>Header Files\sdk</Filter>
    </ClInclude>
    <ClInclude Include="bitbuf.h">
      <Filter>Header Files\sdk</Filter>
    </ClInclude>
    <ClInclude Include="mathlib.h">
      <Filter>Header Files\sdk</Filter>
    </ClInclude>
    <ClInclude Include="vector.h">
      <Filter>Header Files\sdk</Filter>
    </ClInclude>
    <ClInclude Include="basetypes.h">
      <Filter>Header Files\sdk</Filter>
    </ClInclude>
    <ClInclude Include="vector2d.h">
      <Filter>Header Files\sdk</Filter>
    </ClInclude>
    <ClInclude Include="math_pfns.h">
      <Filter>Header Files\sdk</Filter>
    </ClInclude>
    <ClInclude Include="wchartypes.h">
      <Filter>Header Files\sdk</Filter>
    </ClInclude>
    <ClInclude Include="commonmacros.h">
      <Filter>Header Files\sdk</Filter>
    </ClInclude>
    <ClInclude Include="networkstringtabledefs.h">
      <Filter>Header Files\sdk</Filter>
    </ClInclude>
    <ClInclude Include="Color.h">
      <Filter>Header Files\sdk</Filter>
    </ClInclude>
    <ClInclude Include="steamtypes.h">
      <Filter>Header Files\sdk</Filter>
    </ClInclude>
    <ClInclude Include="threadtools.h">
      <Filter>Header Files\sdk</Filter>
    </ClInclude>
    <ClInclude Include="platform.h">
      <Filter>Header Files\sdk</Filter>
    </ClInclude>
    <ClInclude Include="utlrbtree.h">
      <Filter>Header Files\sdk</Filter>
    </ClInclude>
    <ClInclude Include="utlmemory.h">
      <Filter>Header Files\sdk</Filter>
    </ClInclude>
    <ClInclude Include="strtools.h">
      <Filter>Header Files\sdk</Filter>
    </ClInclude>
    <ClInclude Include="memalloc.h">
      <Filter>Header Files\sdk</Filter>
    </ClInclude>
    <ClInclude Include="mem.h">
      <Filter>Header Files\sdk</Filter>
    </ClInclude>
    <ClInclude Include="dbg.h">
      <Filter>Header Files\sdk</Filter>
    </ClInclude>
    <ClInclude Include="annotations.h">
      <Filter>Header Files\sdk</Filter>
    </ClInclude>
    <ClInclude Include="vcrmode.h">
      <Filter>Header Files\sdk</Filter>
    </ClInclude>
    <ClInclude Include="utlbuffer.h">
      <Filter>Header Files\sdk</Filter>
    </ClInclude>
    <ClInclude Include="byteswap.h">
      <Filter>Header Files\sdk</Filter>
    </ClInclude>
    <ClInclude Include="datamap.h">
      <Filter>Header Files\sdk</Filter>
    </ClInclude>
    <ClInclude Include="memdbgon.h">
      <Filter>Header Files\sdk</Filter>
    </ClInclude>
    <ClInclude Include="memdbgoff.h">
      <Filter>Header Files\sdk</Filter>
    </ClInclude>
    <ClInclude Include="utlblockmemory.h">
      <Filter>Header Files\sdk</Filter>
    </ClInclude>
    <ClInclude Include="random.h">
      <Filter>Header Files\sdk</Filter>
    </ClInclude>
    <ClInclude Include="vstdlib.h">
      <Filter>Header Files\sdk</Filter>
    </ClInclude>
    <ClInclude Include="utlfixedmemory.h">
      <Filter>Header Files\sdk</Filter>
    </ClInclude>
    <ClInclude Include="cdll_int.h">
      <Filter>Header Files\sdk</Filter>
    </ClInclude>
    <ClInclude Include="const.h">
      <Filter>Header Files\sdk</Filter>
    </ClInclude>
    <ClInclude Include="modes.h">
      <Filter>Header Files\sdk</Filter>
    </ClInclude>
    <ClInclude Include="ButtonCode.h">
      <Filter>Header Files\sdk</Filter>
    </ClInclude>
    <ClInclude Include="InputEnums.h">
      <Filter>Header Files\sdk</Filter>
    </ClInclude>
    <ClInclude Include="checksum_crc.h">
      <Filter>Header Files\sdk</Filter>
    </ClInclude>
    <ClInclude Include="xboxstubs.h">
      <Filter>Header Files\sdk</Filter>
    </ClInclude>
    <ClInclude Include="ISurface.h">
      <Filter>Header Files\sdk</Filter>
    </ClInclude>
    <ClInclude Include="IHTML.h">
      <Filter>Header Files\sdk</Filter>
    </ClInclude>
    <ClInclude Include="MouseCode.h">
      <Filter>Header Files\sdk</Filter>
    </ClInclude>
    <ClInclude Include="KeyCode.h">
      <Filter>Header Files\sdk</Filter>
    </ClInclude>
    <ClInclude Include="IImage.h">
      <Filter>Header Files\sdk</Filter>
    </ClInclude>
    <ClInclude Include="Cursor.h">
      <Filter>Header Files\sdk</Filter>
    </ClInclude>
    <ClInclude Include="imageformat.h">
      <Filter>Header Files\sdk</Filter>
    </ClInclude>
    <ClInclude Include="IAppSystem.h">
      <Filter>Header Files\sdk</Filter>
    </ClInclude>
    <ClInclude Include="ichromehtmlwrapper.h">
      <Filter>Header Files\sdk</Filter>
    </ClInclude>
    <ClInclude Include="htmlmessages.h">
      <Filter>Header Files\sdk</Filter>
    </ClInclude>
    <ClInclude Include="IVguiMatInfo.h">
      <Filter>Header Files\sdk</Filter>
    </ClInclude>
    <ClInclude Include="IVguiMatInfoVar.h">
      <Filter>Header Files\sdk</Filter>
    </ClInclude>
    <ClInclude Include="EditablePanel.h">
      <Filter>Header Files\sdk</Filter>
    </ClInclude>
    <ClInclude Include="Panel.h">
      <Filter>Header Files\sdk</Filter>
    </ClInclude>
    <ClInclude Include="KeyBindingMap.h">
      <Filter>Header Files\sdk</Filter>
    </ClInclude>
    <ClInclude Include="Controls.h">
      <Filter>Header Files\sdk</Filter>
    </ClInclude>
    <ClInclude Include="IKeyValuesSystem.h">
      <Filter>Header Files\sdk</Filter>
    </ClInclude>
    <ClInclude Include="tier3.h">
      <Filter>Header Files\sdk</Filter>
    </ClInclude>
    <ClInclude Include="tier2.h">
      <Filter>Header Files\sdk</Filter>
    </ClInclude>
    <ClInclude Include="tier1.h">
      <Filter>Header Files\sdk</Filter>
    </ClInclude>
    <ClInclude Include="convar.h">
      <Filter>Header Files\sdk</Filter>
    </ClInclude>
    <ClInclude Include="iconvar.h">
      <Filter>Header Files\sdk</Filter>
    </ClInclude>
    <ClInclude Include="utlstring.h">
      <Filter>Header Files\sdk</Filter>
    </ClInclude>
    <ClInclude Include="icvar.h">
      <Filter>Header Files\sdk</Filter>
    </ClInclude>
    <ClInclude Include="utlflags.h">
      <Filter>Header Files\sdk</Filter>
    </ClInclude>
    <ClInclude Include="Dar.h">
      <Filter>Header Files\sdk</Filter>
    </ClInclude>
    <ClInclude Include="IClientPanel.h">
      <Filter>Header Files\sdk</Filter>
    </ClInclude>
    <ClInclude Include="IScheme.h">
      <Filter>Header Files\sdk</Filter>
    </ClInclude>
    <ClInclude Include="PHandle.h">
      <Filter>Header Files\sdk</Filter>
    </ClInclude>
    <ClInclude Include="PanelAnimationVar.h">
      <Filter>Header Files\sdk</Filter>
    </ClInclude>
    <ClInclude Include="BuildGroup.h">
      <Filter>Header Files\sdk</Filter>
    </ClInclude>
    <ClInclude Include="utlhandletable.h">
      <Filter>Header Files\sdk</Filter>
    </ClInclude>
    <ClInclude Include="utlqueue.h">
      <Filter>Header Files\sdk</Filter>
    </ClInclude>
    <ClInclude Include="FocusNavGroup.h">
      <Filter>Header Files\sdk</Filter>
    </ClInclude>
    <ClInclude Include="IEngineVgui.h">
      <Filter>Header Files\sdk</Filter>
    </ClInclude>
    <ClInclude Include="Label.h">
      <Filter>Header Files\sdk</Filter>
    </ClInclude>
    <ClInclude Include="IGameUI.h">
      <Filter>Header Files\sdk</Filter>
    </ClInclude>
    <ClInclude Include="EventListener.hpp">
      <Filter>Header Files</Filter>
    </ClInclude>
    <ClInclude Include="MessageMap.h">
      <Filter>Header Files\sdk</Filter>
    </ClInclude>
    <ClInclude Include="filesystem_passthru.h">
      <Filter>Header Files\sdk</Filter>
    </ClInclude>
    <ClInclude Include="IVGUI.h">
      <Filter>Header Files\sdk</Filter>
    </ClInclude>
    <ClInclude Include="ILocalize.h">
      <Filter>Header Files\sdk</Filter>
    </ClInclude>
    <ClInclude Include="filesystem.h">
      <Filter>Header Files\sdk</Filter>
    </ClInclude>
    <ClInclude Include="checksum_md5.h">
      <Filter>Header Files\sdk</Filter>
    </ClInclude>
    <ClInclude Include="refcount.h">
      <Filter>Header Files\sdk</Filter>
    </ClInclude>
    <ClInclude Include="ISystem.h">
      <Filter>Header Files\sdk</Filter>
    </ClInclude>
    <ClInclude Include="NetVarManager.hpp">
      <Filter>Header Files</Filter>
    </ClInclude>
    <ClInclude Include="dt_recv.h">
      <Filter>Header Files\sdk</Filter>
    </ClInclude>
    <ClInclude Include="dt_common.h">
      <Filter>Header Files\sdk</Filter>
    </ClInclude>
    <ClInclude Include="client_class.h">
      <Filter>Header Files\sdk</Filter>
    </ClInclude>
    <ClInclude Include="iclientnetworkable.h">
      <Filter>Header Files\sdk</Filter>
    </ClInclude>
    <ClInclude Include="iclientunknown.h">
      <Filter>Header Files\sdk</Filter>
    </ClInclude>
    <ClInclude Include="ihandleentity.h">
      <Filter>Header Files\sdk</Filter>
    </ClInclude>
    <ClInclude Include="iclientrenderable.h">
      <Filter>Header Files\sdk</Filter>
    </ClInclude>
    <ClInclude Include="ivmodelrender.h">
      <Filter>Header Files\sdk</Filter>
    </ClInclude>
    <ClInclude Include="istudiorender.h">
      <Filter>Header Files\sdk</Filter>
    </ClInclude>
    <ClInclude Include="vector4d.h">
      <Filter>Header Files\sdk</Filter>
    </ClInclude>
    <ClInclude Include="imaterial.h">
      <Filter>Header Files\sdk</Filter>
    </ClInclude>
    <ClInclude Include="imaterialsystem.h">
      <Filter>Header Files\sdk</Filter>
    </ClInclude>
    <ClInclude Include="deformations.h">
      <Filter>Header Files\sdk</Filter>
    </ClInclude>
    <ClInclude Include="imaterialsystemhardwareconfig.h">
      <Filter>Header Files\sdk</Filter>
    </ClInclude>
    <ClInclude Include="IColorCorrection.h">
      <Filter>Header Files\sdk</Filter>
    </ClInclude>
    <ClInclude Include="vmatrix.h">
      <Filter>Header Files\sdk</Filter>
    </ClInclude>
    <ClInclude Include="vplane.h">
      <Filter>Header Files\sdk</Filter>
    </ClInclude>
    <ClInclude Include="texture_group_names.h">
      <Filter>Header Files\sdk</Filter>
    </ClInclude>
    <ClInclude Include="vtf.h">
      <Filter>Header Files\sdk</Filter>
    </ClInclude>
    <ClInclude Include="studio.h">
      <Filter>Header Files\sdk</Filter>
    </ClInclude>
    <ClInclude Include="compressed_vector.h">
      <Filter>Header Files\sdk</Filter>
    </ClInclude>
    <ClInclude Include="utlhash.h">
      <Filter>Header Files\sdk</Filter>
    </ClInclude>
    <ClInclude Include="utllinkedlist.h">
      <Filter>Header Files\sdk</Filter>
    </ClInclude>
    <ClInclude Include="generichash.h">
      <Filter>Header Files\sdk</Filter>
    </ClInclude>
    <ClInclude Include="localflexcontroller.h">
      <Filter>Header Files\sdk</Filter>
    </ClInclude>
    <ClInclude Include="imdlcache.h">
      <Filter>Header Files\sdk</Filter>
    </ClInclude>
    <ClInclude Include="client_render_handle.h">
      <Filter>Header Files\sdk</Filter>
    </ClInclude>
    <ClInclude Include="lightdesc.h">
      <Filter>Header Files\sdk</Filter>
    </ClInclude>
    <ClInclude Include="ssemath.h">
      <Filter>Header Files\sdk</Filter>
    </ClInclude>
    <ClInclude Include="valve_off.h">
      <Filter>Header Files\sdk</Filter>
    </ClInclude>
    <ClInclude Include="valve_minmax_on.h">
      <Filter>Header Files\sdk</Filter>
    </ClInclude>
    <ClInclude Include="fasttimer.h">
      <Filter>Header Files\sdk</Filter>
    </ClInclude>
    <ClInclude Include="valve_on.h">
      <Filter>Header Files\sdk</Filter>
    </ClInclude>
    <ClInclude Include="usercmd.h">
      <Filter>Header Files\sdk</Filter>
    </ClInclude>
    <ClInclude Include="imovehelper.h">
      <Filter>Header Files\sdk</Filter>
    </ClInclude>
    <ClInclude Include="c_input.h">
      <Filter>Header Files\sdk</Filter>
    </ClInclude>
    <ClInclude Include="ivmodelinfo.h">
      <Filter>Header Files\sdk</Filter>
    </ClInclude>
    <ClInclude Include="idatacache.h">
      <Filter>Header Files\sdk</Filter>
    </ClInclude>
    <ClInclude Include="PatternScan.hpp">
      <Filter>Header Files</Filter>
    </ClInclude>
    <ClInclude Include="VMT.hpp">
      <Filter>Header Files</Filter>
    </ClInclude>
    <ClInclude Include="vprof.h">
      <Filter>Header Files\sdk</Filter>
    </ClInclude>
    <ClInclude Include="l2cache.h">
      <Filter>Header Files\sdk</Filter>
    </ClInclude>
    <ClInclude Include="vprof_sn.h">
      <Filter>Header Files\sdk</Filter>
    </ClInclude>
    <ClInclude Include="vprof_telemetry.h">
      <Filter>Header Files\sdk</Filter>
    </ClInclude>
    <ClInclude Include="exprevaluator.h">
      <Filter>Header Files\sdk</Filter>
    </ClInclude>
    <ClInclude Include="dbgflag.h">
      <Filter>Header Files\sdk</Filter>
    </ClInclude>
    <ClInclude Include="logging.h">
      <Filter>Header Files\sdk</Filter>
    </ClInclude>
    <ClInclude Include="win32consoleio.h">
      <Filter>Header Files\sdk</Filter>
    </ClInclude>
    <ClInclude Include="icommandline.h">
      <Filter>Header Files\sdk</Filter>
    </ClInclude>
    <ClInclude Include="utldict.h">
      <Filter>Header Files\sdk</Filter>
    </ClInclude>
    <ClInclude Include="utlmap.h">
      <Filter>Header Files\sdk</Filter>
    </ClInclude>
    <ClInclude Include="mempool.h">
      <Filter>Header Files\sdk</Filter>
    </ClInclude>
    <ClInclude Include="tslist.h">
      <Filter>Header Files\sdk</Filter>
    </ClInclude>
    <ClInclude Include="IInput.h">
      <Filter>Header Files\sdk</Filter>
    </ClInclude>
    <ClInclude Include="IBorder.h">
      <Filter>Header Files\sdk</Filter>
    </ClInclude>
    <ClInclude Include="Tooltip.h">
      <Filter>Header Files\sdk</Filter>
    </ClInclude>
    <ClInclude Include="Menu.h">
      <Filter>Header Files\sdk</Filter>
    </ClInclude>
    <ClInclude Include="MenuItem.h">
      <Filter>Header Files\sdk</Filter>
    </ClInclude>
    <ClInclude Include="Button.h">
      <Filter>Header Files\sdk</Filter>
    </ClInclude>
    <ClInclude Include="UtlSortVector.h">
      <Filter>Header Files\sdk</Filter>
    </ClInclude>
    <ClInclude Include="minidump.h">
      <Filter>Header Files\sdk</Filter>
    </ClInclude>
    <ClInclude Include="dmxelement.h">
      <Filter>Header Files\sdk</Filter>
    </ClInclude>
    <ClInclude Include="dmxattribute.h">
      <Filter>Header Files\sdk</Filter>
    </ClInclude>
    <ClInclude Include="dmxloader.h">
      <Filter>Header Files\sdk</Filter>
    </ClInclude>
    <ClInclude Include="dmattributetypes.h">
      <Filter>Header Files\sdk</Filter>
    </ClInclude>
    <ClInclude Include="dmelementhandle.h">
      <Filter>Header Files\sdk</Filter>
    </ClInclude>
    <ClInclude Include="uniqueid.h">
      <Filter>Header Files\sdk</Filter>
    </ClInclude>
    <ClInclude Include="utlsymbollarge.h">
      <Filter>Header Files\sdk</Filter>
    </ClInclude>
    <ClInclude Include="utltshash.h">
      <Filter>Header Files\sdk</Filter>
    </ClInclude>
    <ClInclude Include="stringpool.h">
      <Filter>Header Files\sdk</Filter>
    </ClInclude>
    <ClInclude Include="timeutils.h">
      <Filter>Header Files\sdk</Filter>
    </ClInclude>
    <ClInclude Include="functors.h">
      <Filter>Header Files\sdk</Filter>
    </ClInclude>
    <ClInclude Include="utlenvelope.h">
      <Filter>Header Files\sdk</Filter>
    </ClInclude>
    <ClInclude Include="Interfaces.hpp">
      <Filter>Header Files</Filter>
    </ClInclude>
    <ClInclude Include="enginetrace.h">
      <Filter>Header Files\sdk</Filter>
    </ClInclude>
    <ClInclude Include="ienginetrace.h">
      <Filter>Header Files\sdk</Filter>
    </ClInclude>
    <ClInclude Include="basehandle.h">
      <Filter>Header Files\sdk</Filter>
    </ClInclude>
    <ClInclude Include="gameconsole.h">
      <Filter>Header Files\sdk</Filter>
    </ClInclude>
    <ClInclude Include="igameconsole.h">
      <Filter>Header Files\sdk</Filter>
    </ClInclude>
    <ClInclude Include="ivrenderview.h">
      <Filter>Header Files\sdk</Filter>
    </ClInclude>
    <ClInclude Include="ivdebugoverlay.h">
      <Filter>Header Files\sdk</Filter>
    </ClInclude>
    <ClInclude Include="vphysics_interface.h">
      <Filter>Header Files\sdk</Filter>
    </ClInclude>
    <ClInclude Include="vcollide.h">
      <Filter>Header Files\sdk</Filter>
    </ClInclude>
    <ClInclude Include="iefx.h">
      <Filter>Header Files\sdk</Filter>
    </ClInclude>
    <ClInclude Include="dlight.h">
      <Filter>Header Files\sdk</Filter>
    </ClInclude>
    <ClInclude Include="icliententity.h">
      <Filter>Header Files\sdk</Filter>
    </ClInclude>
    <ClInclude Include="iclient.h">
      <Filter>Header Files\sdk</Filter>
    </ClInclude>
    <ClInclude Include="iclientthinkable.h">
      <Filter>Header Files\sdk</Filter>
    </ClInclude>
    <ClInclude Include="string_t.h">
      <Filter>Header Files\sdk</Filter>
    </ClInclude>
    <ClInclude Include="userid.h">
      <Filter>Header Files\sdk</Filter>
    </ClInclude>
    <ClInclude Include="SteamCommon.h">
      <Filter>Header Files\sdk</Filter>
    </ClInclude>
    <ClInclude Include="inetmsghandler.h">
      <Filter>Header Files\sdk</Filter>
    </ClInclude>
    <ClInclude Include="inetmessage.h">
      <Filter>Header Files\sdk</Filter>
    </ClInclude>
    <ClInclude Include="globalvars_base.h">
      <Filter>Header Files\sdk</Filter>
    </ClInclude>
    <ClInclude Include="cmodel.h">
      <Filter>Header Files\sdk</Filter>
    </ClInclude>
    <ClInclude Include="trace.h">
      <Filter>Header Files\sdk</Filter>
    </ClInclude>
    <ClInclude Include="gametrace.h">
      <Filter>Header Files\sdk</Filter>
    </ClInclude>
    <ClInclude Include="bspflags.h">
      <Filter>Header Files\sdk</Filter>
    </ClInclude>
    <ClInclude Include="ispatialpartition.h">
      <Filter>Header Files\sdk</Filter>
    </ClInclude>
    <ClInclude Include="messagebox.h">
      <Filter>Header Files\sdk</Filter>
    </ClInclude>
    <ClInclude Include="Frame.h">
      <Filter>Header Files\sdk</Filter>
    </ClInclude>
    <ClInclude Include="IEffects.h">
      <Filter>Header Files\sdk</Filter>
    </ClInclude>
    <ClInclude Include="ipredictionsystem.h">
      <Filter>Header Files\sdk</Filter>
    </ClInclude>
    <ClInclude Include="predictable_entity.h">
      <Filter>Header Files\sdk</Filter>
    </ClInclude>
    <ClInclude Include="predictioncopy.h">
      <Filter>Header Files\sdk</Filter>
    </ClInclude>
    <ClInclude Include="ehandle.h">
      <Filter>Header Files\sdk</Filter>
    </ClInclude>
    <ClInclude Include="entitylist_base.h">
      <Filter>Header Files\sdk</Filter>
    </ClInclude>
    <ClInclude Include="shared_classnames.h">
      <Filter>Header Files\sdk</Filter>
    </ClInclude>
    <ClInclude Include="sendproxy.h">
      <Filter>Header Files\sdk</Filter>
    </ClInclude>
    <ClInclude Include="dt_send.h">
      <Filter>Header Files\sdk</Filter>
    </ClInclude>
    <ClInclude Include="bitvec.h">
      <Filter>Header Files\sdk</Filter>
    </ClInclude>
    <ClInclude Include="iviewrender_beams.h">
      <Filter>Header Files\sdk</Filter>
    </ClInclude>
    <ClInclude Include="beam_flags.h">
      <Filter>Header Files\sdk</Filter>
    </ClInclude>
    <ClInclude Include="tempentity.h">
      <Filter>Header Files\sdk</Filter>
    </ClInclude>
    <ClInclude Include="fx.h">
      <Filter>Header Files\sdk</Filter>
    </ClInclude>
    <ClInclude Include="particles_simple.h">
      <Filter>Header Files\sdk</Filter>
    </ClInclude>
    <ClInclude Include="particlemgr.h">
      <Filter>Header Files\sdk</Filter>
    </ClInclude>
    <ClInclude Include="clientleafsystem.h">
      <Filter>Header Files\sdk</Filter>
    </ClInclude>
    <ClInclude Include="ParticleSphereRenderer.h">
      <Filter>Header Files\sdk</Filter>
    </ClInclude>
    <ClInclude Include="particle_util.h">
      <Filter>Header Files\sdk</Filter>
    </ClInclude>
    <ClInclude Include="particledraw.h">
      <Filter>Header Files\sdk</Filter>
    </ClInclude>
    <ClInclude Include="cdll_client_int.h">
      <Filter>Header Files\sdk</Filter>
    </ClInclude>
    <ClInclude Include="timedevent.h">
      <Filter>Header Files\sdk</Filter>
    </ClInclude>
    <ClInclude Include="IMesh.h">
      <Filter>Header Files\sdk</Filter>
    </ClInclude>
    <ClInclude Include="meshutils.h">
      <Filter>Header Files\sdk</Filter>
    </ClInclude>
    <ClInclude Include="IGameSystem.h">
      <Filter>Header Files\sdk</Filter>
    </ClInclude>
    <ClInclude Include="IClientLeafSystem.h">
      <Filter>Header Files\sdk</Filter>
    </ClInclude>
    <ClInclude Include="shareddefs.h">
      <Filter>Header Files\sdk</Filter>
    </ClInclude>
    <ClInclude Include="tier2_logging.h">
      <Filter>Header Files\sdk</Filter>
    </ClInclude>
    <ClInclude Include="eiface.h">
      <Filter>Header Files\sdk</Filter>
    </ClInclude>
    <ClInclude Include="edict.h">
      <Filter>Header Files\sdk</Filter>
    </ClInclude>
    <ClInclude Include="iserverentity.h">
      <Filter>Header Files\sdk</Filter>
    </ClInclude>
    <ClInclude Include="iserverunknown.h">
      <Filter>Header Files\sdk</Filter>
    </ClInclude>
    <ClInclude Include="iservernetworkable.h">
      <Filter>Header Files\sdk</Filter>
    </ClInclude>
    <ClInclude Include="bspfile.h">
      <Filter>Header Files\sdk</Filter>
    </ClInclude>
    <ClInclude Include="bumpvects.h">
      <Filter>Header Files\sdk</Filter>
    </ClInclude>
    <ClInclude Include="compressed_light_cube.h">
      <Filter>Header Files\sdk</Filter>
    </ClInclude>
    <ClInclude Include="ICollideable.h">
      <Filter>Header Files\sdk</Filter>
    </ClInclude>
    <ClInclude Include="iserverplugin.h">
      <Filter>Header Files\sdk</Filter>
    </ClInclude>
    <ClInclude Include="smartptr.h">
      <Filter>Header Files\sdk</Filter>
    </ClInclude>
    <ClInclude Include="utlintrusivelist.h">
      <Filter>Header Files\sdk</Filter>
    </ClInclude>
    <ClInclude Include="utlobjectreference.h">
      <Filter>Header Files\sdk</Filter>
    </ClInclude>
    <ClInclude Include="zip_uncompressed.h">
      <Filter>Header Files\sdk</Filter>
    </ClInclude>
    <ClInclude Include="particle_iterators.h">
      <Filter>Header Files\sdk</Filter>
    </ClInclude>
    <ClInclude Include="meshreader.h">
      <Filter>Header Files\sdk</Filter>
    </ClInclude>
    <ClInclude Include="c_pixel_visibility.h">
      <Filter>Header Files\sdk</Filter>
    </ClInclude>
    <ClInclude Include="c_baseplayer.h">
      <Filter>Header Files\sdk</Filter>
    </ClInclude>
    <ClInclude Include="c_playerlocaldata.h">
      <Filter>Header Files\sdk</Filter>
    </ClInclude>
    <ClInclude Include="c_basecombatcharacter.h">
      <Filter>Header Files\sdk</Filter>
    </ClInclude>
    <ClInclude Include="c_baseflex.h">
      <Filter>Header Files\sdk</Filter>
    </ClInclude>
    <ClInclude Include="c_baseanimating.h">
      <Filter>Header Files\sdk</Filter>
    </ClInclude>
    <ClInclude Include="c_baseentity.h">
      <Filter>Header Files\sdk</Filter>
    </ClInclude>
    <ClInclude Include="icliententityinternal.h">
      <Filter>Header Files\sdk</Filter>
    </ClInclude>
    <ClInclude Include="iclientshadowmgr.h">
      <Filter>Header Files\sdk</Filter>
    </ClInclude>
    <ClInclude Include="itoolentity.h">
      <Filter>Header Files\sdk</Filter>
    </ClInclude>
    <ClInclude Include="ishadowmgr.h">
      <Filter>Header Files\sdk</Filter>
    </ClInclude>
    <ClInclude Include="client_thinklist.h">
      <Filter>Header Files\sdk</Filter>
    </ClInclude>
    <ClInclude Include="cliententitylist.h">
      <Filter>Header Files\sdk</Filter>
    </ClInclude>
    <ClInclude Include="cdll_util.h">
      <Filter>Header Files\sdk</Filter>
    </ClInclude>
    <ClInclude Include="shake.h">
      <Filter>Header Files\sdk</Filter>
    </ClInclude>
    <ClInclude Include="predictableid.h">
      <Filter>Header Files\sdk</Filter>
    </ClInclude>
    <ClInclude Include="networkvar.h">
      <Filter>Header Files\sdk</Filter>
    </ClInclude>
    <ClInclude Include="interpolatedvar.h">
      <Filter>Header Files\sdk</Filter>
    </ClInclude>
    <ClInclude Include="rangecheckedvar.h">
      <Filter>Header Files\sdk</Filter>
    </ClInclude>
    <ClInclude Include="lerp_functions.h">
      <Filter>Header Files\sdk</Filter>
    </ClInclude>
    <ClInclude Include="animationlayer.h">
      <Filter>Header Files\sdk</Filter>
    </ClInclude>
    <ClInclude Include="collisionproperty.h">
      <Filter>Header Files\sdk</Filter>
    </ClInclude>
    <ClInclude Include="particle_property.h">
      <Filter>Header Files\sdk</Filter>
    </ClInclude>
    <ClInclude Include="particles_new.h">
      <Filter>Header Files\sdk</Filter>
    </ClInclude>
    <ClInclude Include="particles.h">
      <Filter>Header Files\sdk</Filter>
    </ClInclude>
    <ClInclude Include="UtlStringMap.h">
      <Filter>Header Files\sdk</Filter>
    </ClInclude>
    <ClInclude Include="MaterialSystemUtil.h">
      <Filter>Header Files\sdk</Filter>
    </ClInclude>
    <ClInclude Include="utlsoacontainer.h">
      <Filter>Header Files\sdk</Filter>
    </ClInclude>
    <ClInclude Include="particle_parse.h">
      <Filter>Header Files\sdk</Filter>
    </ClInclude>
    <ClInclude Include="ifilelist.h">
      <Filter>Header Files\sdk</Filter>
    </ClInclude>
    <ClInclude Include="particle_property_inlines.h">
      <Filter>Header Files\sdk</Filter>
    </ClInclude>
    <ClInclude Include="touchlink.h">
      <Filter>Header Files\sdk</Filter>
    </ClInclude>
    <ClInclude Include="groundlink.h">
      <Filter>Header Files\sdk</Filter>
    </ClInclude>
    <ClInclude Include="ragdoll.h">
      <Filter>Header Files\sdk</Filter>
    </ClInclude>
    <ClInclude Include="ragdoll_shared.h">
      <Filter>Header Files\sdk</Filter>
    </ClInclude>
    <ClInclude Include="bone_accessor.h">
      <Filter>Header Files\sdk</Filter>
    </ClInclude>
    <ClInclude Include="mouthinfo.h">
      <Filter>Header Files\sdk</Filter>
    </ClInclude>
    <ClInclude Include="ai_activity.h">
      <Filter>Header Files\sdk</Filter>
    </ClInclude>
    <ClInclude Include="sequence_Transitioner.h">
      <Filter>Header Files\sdk</Filter>
    </ClInclude>
    <ClInclude Include="bone_merge_cache.h">
      <Filter>Header Files\sdk</Filter>
    </ClInclude>
    <ClInclude Include="c_baseanimatingoverlay.h">
      <Filter>Header Files\sdk</Filter>
    </ClInclude>
    <ClInclude Include="sceneentity_shared.h">
      <Filter>Header Files\sdk</Filter>
    </ClInclude>
    <ClInclude Include="iscenetokenprocessor.h">
      <Filter>Header Files\sdk</Filter>
    </ClInclude>
    <ClInclude Include="baseentity_shared.h">
      <Filter>Header Files\sdk</Filter>
    </ClInclude>
    <ClInclude Include="baseentity.h">
      <Filter>Header Files\sdk</Filter>
    </ClInclude>
    <ClInclude Include="entitylist.h">
      <Filter>Header Files\sdk</Filter>
    </ClInclude>
    <ClInclude Include="playernet_vars.h">
      <Filter>Header Files\sdk</Filter>
    </ClInclude>
    <ClInclude Include="bittools.h">
      <Filter>Header Files\sdk</Filter>
    </ClInclude>
    <ClInclude Include="sdk_hud_chat.h">
      <Filter>Header Files\sdk</Filter>
    </ClInclude>
    <ClInclude Include="hud_basechat.h">
      <Filter>Header Files\sdk</Filter>
    </ClInclude>
    <ClInclude Include="hudelement.h">
      <Filter>Header Files\sdk</Filter>
    </ClInclude>
    <ClInclude Include="utlpriorityqueue.h">
      <Filter>Header Files\sdk</Filter>
    </ClInclude>
    <ClInclude Include="hud.h">
      <Filter>Header Files\sdk</Filter>
    </ClInclude>
    <ClInclude Include="hudtexturehandle.h">
      <Filter>Header Files\sdk</Filter>
    </ClInclude>
    <ClInclude Include="hud_element_helper.h">
      <Filter>Header Files\sdk</Filter>
    </ClInclude>
    <ClInclude Include="GameEventListener.h">
      <Filter>Header Files\sdk</Filter>
    </ClInclude>
    <ClInclude Include="vgui_basepanel.h">
      <Filter>Header Files\sdk</Filter>
    </ClInclude>
    <ClInclude Include="RichText.h">
      <Filter>Header Files\sdk</Filter>
    </ClInclude>
    <ClInclude Include="TextEntry.h">
      <Filter>Header Files\sdk</Filter>
    </ClInclude>
    <ClInclude Include="ListPanel.h">
      <Filter>Header Files\sdk</Filter>
    </ClInclude>
    <ClInclude Include="CheckButton.h">
      <Filter>Header Files\sdk</Filter>
    </ClInclude>
    <ClInclude Include="ToggleButton.h">
      <Filter>Header Files\sdk</Filter>
    </ClInclude>
    <ClInclude Include="TextImage.h">
      <Filter>Header Files\sdk</Filter>
    </ClInclude>
    <ClInclude Include="Image.h">
      <Filter>Header Files\sdk</Filter>
    </ClInclude>
    <ClInclude Include="PlayerInventory.hpp">
      <Filter>Header Files</Filter>
    </ClInclude>
    <ClInclude Include="GetVfunc.hpp">
      <Filter>Header Files</Filter>
    </ClInclude>
    <ClInclude Include="imgui\imconfig.h">
      <Filter>Header Files\imgui</Filter>
    </ClInclude>
    <ClInclude Include="imgui\imgui.h">
      <Filter>Header Files\imgui</Filter>
    </ClInclude>
    <ClInclude Include="imgui\imgui_impl_dx9.h">
      <Filter>Header Files\imgui</Filter>
    </ClInclude>
    <ClInclude Include="imgui\imgui_impl_win32.h">
      <Filter>Header Files\imgui</Filter>
    </ClInclude>
    <ClInclude Include="imgui\imgui_internal.h">
      <Filter>Header Files\imgui</Filter>
    </ClInclude>
    <ClInclude Include="imgui\imstb_rectpack.h">
      <Filter>Header Files\imgui</Filter>
    </ClInclude>
    <ClInclude Include="imgui\imstb_textedit.h">
      <Filter>Header Files\imgui</Filter>
    </ClInclude>
    <ClInclude Include="imgui\imstb_truetype.h">
      <Filter>Header Files\imgui</Filter>
    </ClInclude>
    <ClInclude Include="flashlighteffect.h">
      <Filter>Header Files\sdk</Filter>
    </ClInclude>
    <ClInclude Include="Other.hpp">
      <Filter>Header Files</Filter>
    </ClInclude>
    <ClInclude Include="Options.hpp">
      <Filter>Header Files</Filter>
    </ClInclude>
    <ClInclude Include="baseclientstate.h">
      <Filter>Header Files\sdk</Filter>
    </ClInclude>
    <ClInclude Include="Config.hpp">
      <Filter>Header Files</Filter>
    </ClInclude>
    <ClInclude Include="Singleton.hpp">
      <Filter>Header Files</Filter>
    </ClInclude>
    <ClInclude Include="vmt_smart_hook.hpp">
      <Filter>Header Files</Filter>
    </ClInclude>
    <ClInclude Include="SkinChanger.hpp">
      <Filter>Header Files</Filter>
    </ClInclude>
    <ClInclude Include="inetchannel.h">
      <Filter>Header Files\sdk</Filter>
    </ClInclude>
    <ClInclude Include="inetchannelinfo.h">
      <Filter>Header Files\sdk</Filter>
    </ClInclude>
    <ClInclude Include="steam.h">
      <Filter>Header Files\sdk</Filter>
    </ClInclude>
    <ClInclude Include="protobuffs.hpp">
      <Filter>Header Files</Filter>
    </ClInclude>
    <ClInclude Include="inventory_changer.h">
      <Filter>Header Files\Protobuffs</Filter>
    </ClInclude>
    <ClInclude Include="ProtoParse.h">
      <Filter>Header Files\Protobuffs</Filter>
    </ClInclude>
    <ClInclude Include="ProtobuffMessages.h">
      <Filter>Header Files\Protobuffs</Filter>
    </ClInclude>
    <ClInclude Include="pbwrap.hpp">
      <Filter>Header Files\Protobuffs</Filter>
    </ClInclude>
    <ClInclude Include="proxies.hpp">
      <Filter>Header Files</Filter>
    </ClInclude>
    <ClInclude Include="iclassmap.h">
      <Filter>Header Files\sdk</Filter>
    </ClInclude>
    <ClInclude Include="recvproxy.h">
      <Filter>Header Files\sdk</Filter>
    </ClInclude>
    <ClInclude Include="cs_shareddefs.h">
      <Filter>Header Files\sdk</Filter>
    </ClInclude>
    <ClInclude Include="cs_achievementdefs.h">
      <Filter>Header Files\sdk</Filter>
    </ClInclude>
    <ClInclude Include="econ_item_view.h">
      <Filter>Header Files\sdk</Filter>
    </ClInclude>
    <ClInclude Include="game_item_schema.h">
      <Filter>Header Files\sdk</Filter>
    </ClInclude>
    <ClInclude Include="econ_item_schema.h">
      <Filter>Header Files\sdk</Filter>
    </ClInclude>
    <ClInclude Include="econ_item_constants.h">
      <Filter>Header Files\sdk</Filter>
    </ClInclude>
    <ClInclude Include="item_selection_criteria.h">
      <Filter>Header Files\sdk</Filter>
    </ClInclude>
    <ClInclude Include="econ_item_interface.h">
      <Filter>Header Files\sdk</Filter>
    </ClInclude>
    <ClInclude Include="expressioncalculator.h">
      <Filter>Header Files\sdk</Filter>
    </ClInclude>
    <ClInclude Include="utlstack.h">
      <Filter>Header Files\sdk</Filter>
    </ClInclude>
    <ClInclude Include="weapon_parse.h">
      <Filter>Header Files\sdk</Filter>
    </ClInclude>
    <ClInclude Include="gamestringpool.h">
      <Filter>Header Files\sdk</Filter>
    </ClInclude>
    <ClInclude Include="netvars.hpp">
      <Filter>Header Files</Filter>
    </ClInclude>
    <ClInclude Include="detours.h">
      <Filter>Header Files</Filter>
    </ClInclude>
    <ClInclude Include="netchannel.hpp">
      <Filter>Header Files</Filter>
    </ClInclude>
    <ClInclude Include="modelloader.h">
      <Filter>Header Files\sdk</Filter>
    </ClInclude>
    <ClInclude Include="resource.h">
      <Filter>Header Files</Filter>
    </ClInclude>
    <ClInclude Include="cs_view_scene.h">
      <Filter>Header Files\sdk</Filter>
    </ClInclude>
    <ClInclude Include="viewrender.h">
      <Filter>Header Files\sdk</Filter>
    </ClInclude>
    <ClInclude Include="iviewrender.h">
      <Filter>Header Files\sdk</Filter>
    </ClInclude>
    <ClInclude Include="view_shared.h">
      <Filter>Header Files\sdk</Filter>
    </ClInclude>
    <ClInclude Include="volumeculler.h">
      <Filter>Header Files\sdk</Filter>
    </ClInclude>
    <ClInclude Include="jobthread.h">
      <Filter>Header Files\sdk</Filter>
    </ClInclude>
    <ClInclude Include="seemath.h">
      <Filter>Header Files\sdk</Filter>
    </ClInclude>
    <ClInclude Include="fltx4.h">
      <Filter>Header Files\sdk</Filter>
    </ClInclude>
    <ClInclude Include="vertexcolor.h">
      <Filter>Header Files\sdk</Filter>
    </ClInclude>
    <ClInclude Include="iclientmode.h">
      <Filter>Header Files\sdk</Filter>
    </ClInclude>
    <ClInclude Include="client_virtualreality.h">
      <Filter>Header Files\sdk</Filter>
    </ClInclude>
    <ClInclude Include="iclientvirtualreality.h">
      <Filter>Header Files\sdk</Filter>
    </ClInclude>
    <ClInclude Include="itexture.h">
      <Filter>Header Files\sdk</Filter>
    </ClInclude>
    <ClInclude Include="precipitation_shared.h">
      <Filter>Header Files\sdk</Filter>
    </ClInclude>
    <ClInclude Include="iinputsystem.h">
      <Filter>Header Files\sdk</Filter>
    </ClInclude>
    <ClInclude Include="AnalogCode.h">
      <Filter>Header Files\sdk</Filter>
    </ClInclude>
    <ClInclude Include="vpkparser.h">
      <Filter>Header Files</Filter>
    </ClInclude>
    <ClInclude Include="itempents.h">
      <Filter>Header Files\sdk</Filter>
    </ClInclude>
    <ClInclude Include="shattersurfacetypes.h">
      <Filter>Header Files\sdk</Filter>
    </ClInclude>
    <ClInclude Include="c_te_legacytempents.h">
      <Filter>Header Files\sdk</Filter>
    </ClInclude>
    <ClInclude Include="c_basetempentity.h">
      <Filter>Header Files\sdk</Filter>
    </ClInclude>
    <ClInclude Include="c_recipientfilter.h">
      <Filter>Header Files\sdk</Filter>
    </ClInclude>
    <ClInclude Include="XorStr.hpp">
      <Filter>Header Files</Filter>
    </ClInclude>
    <ClInclude Include="Hooks.hpp">
      <Filter>Header Files</Filter>
    </ClInclude>
    <ClInclude Include="Menu.hpp">
      <Filter>Header Files</Filter>
    </ClInclude>
  </ItemGroup>
  <ItemGroup>
    <ClCompile Include="dllmain.cpp">
      <Filter>Source Files</Filter>
    </ClCompile>
    <ClCompile Include="KeyValues.cpp">
      <Filter>Source Files</Filter>
    </ClCompile>
    <ClCompile Include="ConVars.cpp">
      <Filter>Source Files</Filter>
    </ClCompile>
    <ClCompile Include="NetVarManager.cpp">
      <Filter>Source Files</Filter>
    </ClCompile>
    <ClCompile Include="PlayerInventory.cpp">
      <Filter>Source Files</Filter>
    </ClCompile>
    <ClCompile Include="PatternScan.cpp">
      <Filter>Source Files</Filter>
    </ClCompile>
    <ClCompile Include="Interfaces.cpp">
      <Filter>Source Files</Filter>
    </ClCompile>
    <ClCompile Include="imgui\imgui.cpp">
      <Filter>Header Files\imgui</Filter>
    </ClCompile>
    <ClCompile Include="imgui\imgui_demo.cpp">
      <Filter>Header Files\imgui</Filter>
    </ClCompile>
    <ClCompile Include="imgui\imgui_draw.cpp">
      <Filter>Header Files\imgui</Filter>
    </ClCompile>
    <ClCompile Include="imgui\imgui_impl_dx9.cpp">
      <Filter>Header Files\imgui</Filter>
    </ClCompile>
    <ClCompile Include="imgui\imgui_impl_win32.cpp">
      <Filter>Header Files\imgui</Filter>
    </ClCompile>
    <ClCompile Include="imgui\imgui_tables.cpp">
      <Filter>Header Files\imgui</Filter>
    </ClCompile>
    <ClCompile Include="imgui\imgui_widgets.cpp">
      <Filter>Header Files\imgui</Filter>
    </ClCompile>
    <ClCompile Include="textinputcombobox.cpp">
      <Filter>Header Files\imgui</Filter>
    </ClCompile>
    <ClCompile Include="Other.cpp">
      <Filter>Source Files</Filter>
    </ClCompile>
    <ClCompile Include="Skinchanger.cpp">
      <Filter>Source Files</Filter>
    </ClCompile>
    <ClCompile Include="protobuffs.cpp">
      <Filter>Source Files</Filter>
    </ClCompile>
    <ClCompile Include="netvars.cpp">
      <Filter>Source Files</Filter>
    </ClCompile>
  </ItemGroup>
  <ItemGroup>
    <ResourceCompile Include="SpyCustom.rc">
      <Filter>Resource Files</Filter>
    </ResourceCompile>
  </ItemGroup>
  <ItemGroup>
    <Media Include="cod.wav">
      <Filter>Resource Files</Filter>
    </Media>
    <Media Include="crit.wav">
      <Filter>Resource Files</Filter>
    </Media>
  </ItemGroup>
</Project>